// !$*UTF8*$!
{
	archiveVersion = 1;
	classes = {
	};
	objectVersion = 46;
	objects = {

/* Begin PBXBuildFile section */
		DCD19178154B458500659E75 /* Cocoa.framework in Frameworks */ = {isa = PBXBuildFile; fileRef = DCD19177154B458500659E75 /* Cocoa.framework */; };
		DCD19182154B458500659E75 /* InfoPlist.strings in Resources */ = {isa = PBXBuildFile; fileRef = DCD19180154B458500659E75 /* InfoPlist.strings */; };
		DCD19184154B458500659E75 /* main.m in Sources */ = {isa = PBXBuildFile; fileRef = DCD19183154B458500659E75 /* main.m */; };
		DCD19188154B458500659E75 /* Credits.rtf in Resources */ = {isa = PBXBuildFile; fileRef = DCD19186154B458500659E75 /* Credits.rtf */; };
		DCD1918B154B458500659E75 /* AppDelegate.m in Sources */ = {isa = PBXBuildFile; fileRef = DCD1918A154B458500659E75 /* AppDelegate.m */; };
		DCD1918E154B458500659E75 /* MainMenu.xib in Resources */ = {isa = PBXBuildFile; fileRef = DCD1918C154B458500659E75 /* MainMenu.xib */; };
		DCD1919D154B45D200659E75 /* GCDMulticastDelegate.m in Sources */ = {isa = PBXBuildFile; fileRef = DCD1919C154B45D200659E75 /* GCDMulticastDelegate.m */; };
		DCD191A4154B460800659E75 /* DelegateTesters.m in Sources */ = {isa = PBXBuildFile; fileRef = DCD191A0154B460800659E75 /* DelegateTesters.m */; };
		DCD191A5154B460800659E75 /* MulticastDelegateTest.m in Sources */ = {isa = PBXBuildFile; fileRef = DCD191A2154B460800659E75 /* MulticastDelegateTest.m */; };
/* End PBXBuildFile section */

/* Begin PBXFileReference section */
		DCD19173154B458500659E75 /* MulticastDelegateTest.app */ = {isa = PBXFileReference; explicitFileType = wrapper.application; includeInIndex = 0; path = MulticastDelegateTest.app; sourceTree = BUILT_PRODUCTS_DIR; };
		DCD19177154B458500659E75 /* Cocoa.framework */ = {isa = PBXFileReference; lastKnownFileType = wrapper.framework; name = Cocoa.framework; path = System/Library/Frameworks/Cocoa.framework; sourceTree = SDKROOT; };
		DCD1917A154B458500659E75 /* AppKit.framework */ = {isa = PBXFileReference; lastKnownFileType = wrapper.framework; name = AppKit.framework; path = System/Library/Frameworks/AppKit.framework; sourceTree = SDKROOT; };
		DCD1917B154B458500659E75 /* CoreData.framework */ = {isa = PBXFileReference; lastKnownFileType = wrapper.framework; name = CoreData.framework; path = System/Library/Frameworks/CoreData.framework; sourceTree = SDKROOT; };
		DCD1917C154B458500659E75 /* Foundation.framework */ = {isa = PBXFileReference; lastKnownFileType = wrapper.framework; name = Foundation.framework; path = System/Library/Frameworks/Foundation.framework; sourceTree = SDKROOT; };
		DCD1917F154B458500659E75 /* MulticastDelegateTest-Info.plist */ = {isa = PBXFileReference; lastKnownFileType = text.plist.xml; path = "MulticastDelegateTest-Info.plist"; sourceTree = "<group>"; };
		DCD19181154B458500659E75 /* en */ = {isa = PBXFileReference; lastKnownFileType = text.plist.strings; name = en; path = en.lproj/InfoPlist.strings; sourceTree = "<group>"; };
		DCD19183154B458500659E75 /* main.m */ = {isa = PBXFileReference; lastKnownFileType = sourcecode.c.objc; path = main.m; sourceTree = "<group>"; };
		DCD19185154B458500659E75 /* MulticastDelegateTest-Prefix.pch */ = {isa = PBXFileReference; lastKnownFileType = sourcecode.c.h; path = "MulticastDelegateTest-Prefix.pch"; sourceTree = "<group>"; };
		DCD19187154B458500659E75 /* en */ = {isa = PBXFileReference; lastKnownFileType = text.rtf; name = en; path = en.lproj/Credits.rtf; sourceTree = "<group>"; };
		DCD19189154B458500659E75 /* AppDelegate.h */ = {isa = PBXFileReference; lastKnownFileType = sourcecode.c.h; path = AppDelegate.h; sourceTree = "<group>"; };
		DCD1918A154B458500659E75 /* AppDelegate.m */ = {isa = PBXFileReference; lastKnownFileType = sourcecode.c.objc; path = AppDelegate.m; sourceTree = "<group>"; };
		DCD1918D154B458500659E75 /* en */ = {isa = PBXFileReference; lastKnownFileType = file.xib; name = en; path = en.lproj/MainMenu.xib; sourceTree = "<group>"; };
		DCD1919B154B45D200659E75 /* GCDMulticastDelegate.h */ = {isa = PBXFileReference; fileEncoding = 4; lastKnownFileType = sourcecode.c.h; name = GCDMulticastDelegate.h; path = ../../../../Utilities/GCDMulticastDelegate.h; sourceTree = "<group>"; };
		DCD1919C154B45D200659E75 /* GCDMulticastDelegate.m */ = {isa = PBXFileReference; fileEncoding = 4; lastKnownFileType = sourcecode.c.objc; name = GCDMulticastDelegate.m; path = ../../../../Utilities/GCDMulticastDelegate.m; sourceTree = "<group>"; };
		DCD1919F154B460800659E75 /* DelegateTesters.h */ = {isa = PBXFileReference; fileEncoding = 4; lastKnownFileType = sourcecode.c.h; name = DelegateTesters.h; path = ../Shared/DelegateTesters.h; sourceTree = "<group>"; };
		DCD191A0154B460800659E75 /* DelegateTesters.m */ = {isa = PBXFileReference; fileEncoding = 4; lastKnownFileType = sourcecode.c.objc; name = DelegateTesters.m; path = ../Shared/DelegateTesters.m; sourceTree = "<group>"; };
		DCD191A1154B460800659E75 /* MulticastDelegateTest.h */ = {isa = PBXFileReference; fileEncoding = 4; lastKnownFileType = sourcecode.c.h; name = MulticastDelegateTest.h; path = ../Shared/MulticastDelegateTest.h; sourceTree = "<group>"; };
		DCD191A2154B460800659E75 /* MulticastDelegateTest.m */ = {isa = PBXFileReference; fileEncoding = 4; lastKnownFileType = sourcecode.c.objc; name = MulticastDelegateTest.m; path = ../Shared/MulticastDelegateTest.m; sourceTree = "<group>"; };
		DCD191A3154B460800659E75 /* MyProtocol.h */ = {isa = PBXFileReference; fileEncoding = 4; lastKnownFileType = sourcecode.c.h; name = MyProtocol.h; path = ../Shared/MyProtocol.h; sourceTree = "<group>"; };
/* End PBXFileReference section */

/* Begin PBXFrameworksBuildPhase section */
		DCD19170154B458500659E75 /* Frameworks */ = {
			isa = PBXFrameworksBuildPhase;
			buildActionMask = 2147483647;
			files = (
				DCD19178154B458500659E75 /* Cocoa.framework in Frameworks */,
			);
			runOnlyForDeploymentPostprocessing = 0;
		};
/* End PBXFrameworksBuildPhase section */

/* Begin PBXGroup section */
		DCD19168154B458500659E75 = {
			isa = PBXGroup;
			children = (
				DCD19198154B45B500659E75 /* XMPP */,
				DCD1919E154B45D800659E75 /* Testing */,
				DCD1917D154B458500659E75 /* MulticastDelegateTest */,
				DCD19176154B458500659E75 /* Frameworks */,
				DCD19174154B458500659E75 /* Products */,
			);
			sourceTree = "<group>";
		};
		DCD19174154B458500659E75 /* Products */ = {
			isa = PBXGroup;
			children = (
				DCD19173154B458500659E75 /* MulticastDelegateTest.app */,
			);
			name = Products;
			sourceTree = "<group>";
		};
		DCD19176154B458500659E75 /* Frameworks */ = {
			isa = PBXGroup;
			children = (
				DCD19177154B458500659E75 /* Cocoa.framework */,
				DCD19179154B458500659E75 /* Other Frameworks */,
			);
			name = Frameworks;
			sourceTree = "<group>";
		};
		DCD19179154B458500659E75 /* Other Frameworks */ = {
			isa = PBXGroup;
			children = (
				DCD1917A154B458500659E75 /* AppKit.framework */,
				DCD1917B154B458500659E75 /* CoreData.framework */,
				DCD1917C154B458500659E75 /* Foundation.framework */,
			);
			name = "Other Frameworks";
			sourceTree = "<group>";
		};
		DCD1917D154B458500659E75 /* MulticastDelegateTest */ = {
			isa = PBXGroup;
			children = (
				DCD19189154B458500659E75 /* AppDelegate.h */,
				DCD1918A154B458500659E75 /* AppDelegate.m */,
				DCD1918C154B458500659E75 /* MainMenu.xib */,
				DCD1917E154B458500659E75 /* Supporting Files */,
			);
			path = MulticastDelegateTest;
			sourceTree = "<group>";
		};
		DCD1917E154B458500659E75 /* Supporting Files */ = {
			isa = PBXGroup;
			children = (
				DCD1917F154B458500659E75 /* MulticastDelegateTest-Info.plist */,
				DCD19180154B458500659E75 /* InfoPlist.strings */,
				DCD19183154B458500659E75 /* main.m */,
				DCD19185154B458500659E75 /* MulticastDelegateTest-Prefix.pch */,
				DCD19186154B458500659E75 /* Credits.rtf */,
			);
			name = "Supporting Files";
			sourceTree = "<group>";
		};
		DCD19198154B45B500659E75 /* XMPP */ = {
			isa = PBXGroup;
			children = (
				DCD1919A154B45BA00659E75 /* Utilities */,
			);
			name = XMPP;
			sourceTree = "<group>";
		};
		DCD1919A154B45BA00659E75 /* Utilities */ = {
			isa = PBXGroup;
			children = (
				DCD1919B154B45D200659E75 /* GCDMulticastDelegate.h */,
				DCD1919C154B45D200659E75 /* GCDMulticastDelegate.m */,
			);
			name = Utilities;
			sourceTree = "<group>";
		};
		DCD1919E154B45D800659E75 /* Testing */ = {
			isa = PBXGroup;
			children = (
				DCD191A3154B460800659E75 /* MyProtocol.h */,
				DCD191A1154B460800659E75 /* MulticastDelegateTest.h */,
				DCD191A2154B460800659E75 /* MulticastDelegateTest.m */,
				DCD1919F154B460800659E75 /* DelegateTesters.h */,
				DCD191A0154B460800659E75 /* DelegateTesters.m */,
			);
			name = Testing;
			sourceTree = "<group>";
		};
/* End PBXGroup section */

/* Begin PBXNativeTarget section */
		DCD19172154B458500659E75 /* MulticastDelegateTest */ = {
			isa = PBXNativeTarget;
			buildConfigurationList = DCD19191154B458500659E75 /* Build configuration list for PBXNativeTarget "MulticastDelegateTest" */;
			buildPhases = (
				DCD1916F154B458500659E75 /* Sources */,
				DCD19170154B458500659E75 /* Frameworks */,
				DCD19171154B458500659E75 /* Resources */,
			);
			buildRules = (
			);
			dependencies = (
			);
			name = MulticastDelegateTest;
			productName = MulticastDelegateTest;
			productReference = DCD19173154B458500659E75 /* MulticastDelegateTest.app */;
			productType = "com.apple.product-type.application";
		};
/* End PBXNativeTarget section */

/* Begin PBXProject section */
		DCD1916A154B458500659E75 /* Project object */ = {
			isa = PBXProject;
			attributes = {
				LastUpgradeCheck = 0510;
			};
			buildConfigurationList = DCD1916D154B458500659E75 /* Build configuration list for PBXProject "MulticastDelegateTest" */;
			compatibilityVersion = "Xcode 3.2";
			developmentRegion = English;
			hasScannedForEncodings = 0;
			knownRegions = (
				en,
			);
			mainGroup = DCD19168154B458500659E75;
			productRefGroup = DCD19174154B458500659E75 /* Products */;
			projectDirPath = "";
			projectRoot = "";
			targets = (
				DCD19172154B458500659E75 /* MulticastDelegateTest */,
			);
		};
/* End PBXProject section */

/* Begin PBXResourcesBuildPhase section */
		DCD19171154B458500659E75 /* Resources */ = {
			isa = PBXResourcesBuildPhase;
			buildActionMask = 2147483647;
			files = (
				DCD19182154B458500659E75 /* InfoPlist.strings in Resources */,
				DCD19188154B458500659E75 /* Credits.rtf in Resources */,
				DCD1918E154B458500659E75 /* MainMenu.xib in Resources */,
			);
			runOnlyForDeploymentPostprocessing = 0;
		};
/* End PBXResourcesBuildPhase section */

/* Begin PBXSourcesBuildPhase section */
		DCD1916F154B458500659E75 /* Sources */ = {
			isa = PBXSourcesBuildPhase;
			buildActionMask = 2147483647;
			files = (
				DCD19184154B458500659E75 /* main.m in Sources */,
				DCD1918B154B458500659E75 /* AppDelegate.m in Sources */,
				DCD1919D154B45D200659E75 /* GCDMulticastDelegate.m in Sources */,
				DCD191A4154B460800659E75 /* DelegateTesters.m in Sources */,
				DCD191A5154B460800659E75 /* MulticastDelegateTest.m in Sources */,
			);
			runOnlyForDeploymentPostprocessing = 0;
		};
/* End PBXSourcesBuildPhase section */

/* Begin PBXVariantGroup section */
		DCD19180154B458500659E75 /* InfoPlist.strings */ = {
			isa = PBXVariantGroup;
			children = (
				DCD19181154B458500659E75 /* en */,
			);
			name = InfoPlist.strings;
			sourceTree = "<group>";
		};
		DCD19186154B458500659E75 /* Credits.rtf */ = {
			isa = PBXVariantGroup;
			children = (
				DCD19187154B458500659E75 /* en */,
			);
			name = Credits.rtf;
			sourceTree = "<group>";
		};
		DCD1918C154B458500659E75 /* MainMenu.xib */ = {
			isa = PBXVariantGroup;
			children = (
				DCD1918D154B458500659E75 /* en */,
			);
			name = MainMenu.xib;
			sourceTree = "<group>";
		};
/* End PBXVariantGroup section */

/* Begin XCBuildConfiguration section */
		DCD1918F154B458500659E75 /* Debug */ = {
			isa = XCBuildConfiguration;
			buildSettings = {
				ALWAYS_SEARCH_USER_PATHS = NO;
				CLANG_ENABLE_OBJC_ARC = YES;
				CLANG_WARN_BOOL_CONVERSION = YES;
				CLANG_WARN_CONSTANT_CONVERSION = YES;
				CLANG_WARN_EMPTY_BODY = YES;
				CLANG_WARN_ENUM_CONVERSION = YES;
				CLANG_WARN_INT_CONVERSION = YES;
				CLANG_WARN__DUPLICATE_METHOD_MATCH = YES;
				COPY_PHASE_STRIP = NO;
				GCC_C_LANGUAGE_STANDARD = gnu99;
				GCC_DYNAMIC_NO_PIC = NO;
				GCC_ENABLE_OBJC_EXCEPTIONS = YES;
				GCC_OPTIMIZATION_LEVEL = 0;
				GCC_PREPROCESSOR_DEFINITIONS = (
					"DEBUG=1",
					"$(inherited)",
				);
				GCC_SYMBOLS_PRIVATE_EXTERN = NO;
				GCC_VERSION = com.apple.compilers.llvm.clang.1_0;
				GCC_WARN_64_TO_32_BIT_CONVERSION = YES;
				GCC_WARN_ABOUT_RETURN_TYPE = YES;
				GCC_WARN_UNDECLARED_SELECTOR = YES;
				GCC_WARN_UNINITIALIZED_AUTOS = YES;
				GCC_WARN_UNUSED_FUNCTION = YES;
				GCC_WARN_UNUSED_VARIABLE = YES;
				MACOSX_DEPLOYMENT_TARGET = 10.7;
				ONLY_ACTIVE_ARCH = YES;
				SDKROOT = macosx;
			};
			name = Debug;
		};
		DCD19190154B458500659E75 /* Release */ = {
			isa = XCBuildConfiguration;
			buildSettings = {
				ALWAYS_SEARCH_USER_PATHS = NO;
				CLANG_ENABLE_OBJC_ARC = YES;
				CLANG_WARN_BOOL_CONVERSION = YES;
				CLANG_WARN_CONSTANT_CONVERSION = YES;
				CLANG_WARN_EMPTY_BODY = YES;
				CLANG_WARN_ENUM_CONVERSION = YES;
				CLANG_WARN_INT_CONVERSION = YES;
				CLANG_WARN__DUPLICATE_METHOD_MATCH = YES;
				COPY_PHASE_STRIP = YES;
				DEBUG_INFORMATION_FORMAT = "dwarf-with-dsym";
				GCC_C_LANGUAGE_STANDARD = gnu99;
				GCC_ENABLE_OBJC_EXCEPTIONS = YES;
				GCC_VERSION = com.apple.compilers.llvm.clang.1_0;
				GCC_WARN_64_TO_32_BIT_CONVERSION = YES;
				GCC_WARN_ABOUT_RETURN_TYPE = YES;
				GCC_WARN_UNDECLARED_SELECTOR = YES;
				GCC_WARN_UNINITIALIZED_AUTOS = YES;
				GCC_WARN_UNUSED_FUNCTION = YES;
				GCC_WARN_UNUSED_VARIABLE = YES;
				MACOSX_DEPLOYMENT_TARGET = 10.7;
				SDKROOT = macosx;
			};
			name = Release;
		};
		DCD19192154B458500659E75 /* Debug */ = {
			isa = XCBuildConfiguration;
			buildSettings = {
				COMBINE_HIDPI_IMAGES = YES;
				GCC_PRECOMPILE_PREFIX_HEADER = YES;
				GCC_PREFIX_HEADER = "MulticastDelegateTest/MulticastDelegateTest-Prefix.pch";
				INFOPLIST_FILE = "MulticastDelegateTest/MulticastDelegateTest-Info.plist";
				PRODUCT_NAME = "$(TARGET_NAME)";
				WRAPPER_EXTENSION = app;
			};
			name = Debug;
		};
		DCD19193154B458500659E75 /* Release */ = {
			isa = XCBuildConfiguration;
			buildSettings = {
				COMBINE_HIDPI_IMAGES = YES;
				GCC_PRECOMPILE_PREFIX_HEADER = YES;
				GCC_PREFIX_HEADER = "MulticastDelegateTest/MulticastDelegateTest-Prefix.pch";
				INFOPLIST_FILE = "MulticastDelegateTest/MulticastDelegateTest-Info.plist";
				PRODUCT_NAME = "$(TARGET_NAME)";
				WRAPPER_EXTENSION = app;
			};
			name = Release;
		};
/* End XCBuildConfiguration section */

/* Begin XCConfigurationList section */
		DCD1916D154B458500659E75 /* Build configuration list for PBXProject "MulticastDelegateTest" */ = {
			isa = XCConfigurationList;
			buildConfigurations = (
				DCD1918F154B458500659E75 /* Debug */,
				DCD19190154B458500659E75 /* Release */,
			);
			defaultConfigurationIsVisible = 0;
			defaultConfigurationName = Release;
		};
		DCD19191154B458500659E75 /* Build configuration list for PBXNativeTarget "MulticastDelegateTest" */ = {
			isa = XCConfigurationList;
			buildConfigurations = (
				DCD19192154B458500659E75 /* Debug */,
				DCD19193154B458500659E75 /* Release */,
			);
			defaultConfigurationIsVisible = 0;
			defaultConfigurationName = Release;
		};
/* End XCConfigurationList section */
	};
	rootObject = DCD1916A154B458500659E75 /* Project object */;
}
