// !$*UTF8*$!
{
	archiveVersion = 1;
	classes = {
	};
	objectVersion = 45;
	objects = {

/* Begin PBXBuildFile section */
		1D3623260D0F684500981E51 /* iPhoneXMPPAppDelegate.m in Sources */ = {isa = PBXBuildFile; fileRef = 1D3623250D0F684500981E51 /* iPhoneXMPPAppDelegate.m */; };
		1D60589B0D05DD56006BFB54 /* main.m in Sources */ = {isa = PBXBuildFile; fileRef = 29B97316FDCFA39411CA2CEA /* main.m */; };
		1D60589F0D05DD5A006BFB54 /* Foundation.framework in Frameworks */ = {isa = PBXBuildFile; fileRef = 1D30AB110D05D00D00671497 /* Foundation.framework */; };
		1DF5F4E00D08C38300B7A737 /* UIKit.framework in Frameworks */ = {isa = PBXBuildFile; fileRef = 1DF5F4DF0D08C38300B7A737 /* UIKit.framework */; };
		288765FD0DF74451002DB57D /* CoreGraphics.framework in Frameworks */ = {isa = PBXBuildFile; fileRef = 288765FC0DF74451002DB57D /* CoreGraphics.framework */; };
		28AD733F0D9D9553002E5188 /* MainWindow.xib in Resources */ = {isa = PBXBuildFile; fileRef = 28AD733E0D9D9553002E5188 /* MainWindow.xib */; };
		DC558A5010E019D50004696B /* libidn.a in Frameworks */ = {isa = PBXBuildFile; fileRef = DC558A4F10E019D50004696B /* libidn.a */; };
		DC558A5E10E019FD0004696B /* SystemConfiguration.framework in Frameworks */ = {isa = PBXBuildFile; fileRef = DC558A5D10E019FD0004696B /* SystemConfiguration.framework */; };
		DC6E972810960C2500070ADE /* AsyncSocket.m in Sources */ = {isa = PBXBuildFile; fileRef = DC6E972710960C2500070ADE /* AsyncSocket.m */; };
		DC6E972E10960C5700070ADE /* CFNetwork.framework in Frameworks */ = {isa = PBXBuildFile; fileRef = DC6E972D10960C5700070ADE /* CFNetwork.framework */; };
		DC6E973E10960C8000070ADE /* DDXMLDocument.m in Sources */ = {isa = PBXBuildFile; fileRef = DC6E973610960C8000070ADE /* DDXMLDocument.m */; };
		DC6E973F10960C8000070ADE /* DDXMLElement.m in Sources */ = {isa = PBXBuildFile; fileRef = DC6E973810960C8000070ADE /* DDXMLElement.m */; };
		DC6E974010960C8000070ADE /* DDXMLNode.m in Sources */ = {isa = PBXBuildFile; fileRef = DC6E973A10960C8000070ADE /* DDXMLNode.m */; };
		DC6E974110960C8000070ADE /* NSStringAdditions.m in Sources */ = {isa = PBXBuildFile; fileRef = DC6E973D10960C8000070ADE /* NSStringAdditions.m */; };
		DC6E976E109625C500070ADE /* LibIDN.m in Sources */ = {isa = PBXBuildFile; fileRef = DC6E976B109625C500070ADE /* LibIDN.m */; };
		DC6E976F109625C500070ADE /* MulticastDelegate.m in Sources */ = {isa = PBXBuildFile; fileRef = DC6E976D109625C500070ADE /* MulticastDelegate.m */; };
		DC6E97811096264B00070ADE /* NSDataAdditions.m in Sources */ = {isa = PBXBuildFile; fileRef = DC6E977E1096264B00070ADE /* NSDataAdditions.m */; };
		DC6E97821096264B00070ADE /* NSXMLElementAdditions.m in Sources */ = {isa = PBXBuildFile; fileRef = DC6E97801096264B00070ADE /* NSXMLElementAdditions.m */; };
		DC6E979A1096268200070ADE /* XMPPClient.m in Sources */ = {isa = PBXBuildFile; fileRef = DC6E97871096268200070ADE /* XMPPClient.m */; };
		DC6E979B1096268200070ADE /* XMPPElement.m in Sources */ = {isa = PBXBuildFile; fileRef = DC6E97891096268200070ADE /* XMPPElement.m */; };
		DC6E979C1096268200070ADE /* XMPPIQ.m in Sources */ = {isa = PBXBuildFile; fileRef = DC6E978B1096268200070ADE /* XMPPIQ.m */; };
		DC6E979D1096268200070ADE /* XMPPJID.m in Sources */ = {isa = PBXBuildFile; fileRef = DC6E978D1096268200070ADE /* XMPPJID.m */; };
		DC6E979E1096268200070ADE /* XMPPMessage.m in Sources */ = {isa = PBXBuildFile; fileRef = DC6E978F1096268200070ADE /* XMPPMessage.m */; };
		DC6E979F1096268200070ADE /* XMPPParser.m in Sources */ = {isa = PBXBuildFile; fileRef = DC6E97911096268200070ADE /* XMPPParser.m */; };
		DC6E97A01096268200070ADE /* XMPPPresence.m in Sources */ = {isa = PBXBuildFile; fileRef = DC6E97931096268200070ADE /* XMPPPresence.m */; };
		DC6E97A11096268200070ADE /* XMPPResource.m in Sources */ = {isa = PBXBuildFile; fileRef = DC6E97951096268200070ADE /* XMPPResource.m */; };
		DC6E97A21096268200070ADE /* XMPPStream.m in Sources */ = {isa = PBXBuildFile; fileRef = DC6E97971096268200070ADE /* XMPPStream.m */; };
		DC6E97A31096268200070ADE /* XMPPUser.m in Sources */ = {isa = PBXBuildFile; fileRef = DC6E97991096268200070ADE /* XMPPUser.m */; };
/* End PBXBuildFile section */

/* Begin PBXFileReference section */
		1D30AB110D05D00D00671497 /* Foundation.framework */ = {isa = PBXFileReference; lastKnownFileType = wrapper.framework; name = Foundation.framework; path = System/Library/Frameworks/Foundation.framework; sourceTree = SDKROOT; };
		1D3623240D0F684500981E51 /* iPhoneXMPPAppDelegate.h */ = {isa = PBXFileReference; fileEncoding = 4; lastKnownFileType = sourcecode.c.h; path = iPhoneXMPPAppDelegate.h; sourceTree = "<group>"; };
		1D3623250D0F684500981E51 /* iPhoneXMPPAppDelegate.m */ = {isa = PBXFileReference; fileEncoding = 4; lastKnownFileType = sourcecode.c.objc; path = iPhoneXMPPAppDelegate.m; sourceTree = "<group>"; };
		1D6058910D05DD3D006BFB54 /* iPhoneXMPP.app */ = {isa = PBXFileReference; explicitFileType = wrapper.application; includeInIndex = 0; path = iPhoneXMPP.app; sourceTree = BUILT_PRODUCTS_DIR; };
		1DF5F4DF0D08C38300B7A737 /* UIKit.framework */ = {isa = PBXFileReference; lastKnownFileType = wrapper.framework; name = UIKit.framework; path = System/Library/Frameworks/UIKit.framework; sourceTree = SDKROOT; };
		288765FC0DF74451002DB57D /* CoreGraphics.framework */ = {isa = PBXFileReference; lastKnownFileType = wrapper.framework; name = CoreGraphics.framework; path = System/Library/Frameworks/CoreGraphics.framework; sourceTree = SDKROOT; };
		28AD733E0D9D9553002E5188 /* MainWindow.xib */ = {isa = PBXFileReference; lastKnownFileType = file.xib; path = MainWindow.xib; sourceTree = "<group>"; };
		29B97316FDCFA39411CA2CEA /* main.m */ = {isa = PBXFileReference; fileEncoding = 4; lastKnownFileType = sourcecode.c.objc; path = main.m; sourceTree = "<group>"; };
		32CA4F630368D1EE00C91783 /* iPhoneXMPP_Prefix.pch */ = {isa = PBXFileReference; fileEncoding = 4; lastKnownFileType = sourcecode.c.h; path = iPhoneXMPP_Prefix.pch; sourceTree = "<group>"; };
		8D1107310486CEB800E47090 /* iPhoneXMPP-Info.plist */ = {isa = PBXFileReference; fileEncoding = 4; lastKnownFileType = text.plist.xml; path = "iPhoneXMPP-Info.plist"; plistStructureDefinitionIdentifier = "com.apple.xcode.plist.structure-definition.iphone.info-plist"; sourceTree = "<group>"; };
		DC558A4F10E019D50004696B /* libidn.a */ = {isa = PBXFileReference; lastKnownFileType = archive.ar; name = libidn.a; path = "/Users/robbie/Programs/Google Code/XMPPFramework/libidn/libidn.a"; sourceTree = "<absolute>"; };
		DC558A5D10E019FD0004696B /* SystemConfiguration.framework */ = {isa = PBXFileReference; lastKnownFileType = wrapper.framework; name = SystemConfiguration.framework; path = System/Library/Frameworks/SystemConfiguration.framework; sourceTree = SDKROOT; };
		DC6E972610960C2500070ADE /* AsyncSocket.h */ = {isa = PBXFileReference; fileEncoding = 4; lastKnownFileType = sourcecode.c.h; name = AsyncSocket.h; path = ../AsyncSocket.h; sourceTree = SOURCE_ROOT; };
		DC6E972710960C2500070ADE /* AsyncSocket.m */ = {isa = PBXFileReference; fileEncoding = 4; lastKnownFileType = sourcecode.c.objc; name = AsyncSocket.m; path = ../AsyncSocket.m; sourceTree = SOURCE_ROOT; };
		DC6E972D10960C5700070ADE /* CFNetwork.framework */ = {isa = PBXFileReference; lastKnownFileType = wrapper.framework; name = CFNetwork.framework; path = System/Library/Frameworks/CFNetwork.framework; sourceTree = SDKROOT; };
		DC6E973410960C8000070ADE /* DDXML.h */ = {isa = PBXFileReference; fileEncoding = 4; lastKnownFileType = sourcecode.c.h; name = DDXML.h; path = ../KissXML/DDXML.h; sourceTree = SOURCE_ROOT; };
		DC6E973510960C8000070ADE /* DDXMLDocument.h */ = {isa = PBXFileReference; fileEncoding = 4; lastKnownFileType = sourcecode.c.h; name = DDXMLDocument.h; path = ../KissXML/DDXMLDocument.h; sourceTree = SOURCE_ROOT; };
		DC6E973610960C8000070ADE /* DDXMLDocument.m */ = {isa = PBXFileReference; fileEncoding = 4; lastKnownFileType = sourcecode.c.objc; name = DDXMLDocument.m; path = ../KissXML/DDXMLDocument.m; sourceTree = SOURCE_ROOT; };
		DC6E973710960C8000070ADE /* DDXMLElement.h */ = {isa = PBXFileReference; fileEncoding = 4; lastKnownFileType = sourcecode.c.h; name = DDXMLElement.h; path = ../KissXML/DDXMLElement.h; sourceTree = SOURCE_ROOT; };
		DC6E973810960C8000070ADE /* DDXMLElement.m */ = {isa = PBXFileReference; fileEncoding = 4; lastKnownFileType = sourcecode.c.objc; name = DDXMLElement.m; path = ../KissXML/DDXMLElement.m; sourceTree = SOURCE_ROOT; };
		DC6E973910960C8000070ADE /* DDXMLNode.h */ = {isa = PBXFileReference; fileEncoding = 4; lastKnownFileType = sourcecode.c.h; name = DDXMLNode.h; path = ../KissXML/DDXMLNode.h; sourceTree = SOURCE_ROOT; };
		DC6E973A10960C8000070ADE /* DDXMLNode.m */ = {isa = PBXFileReference; fileEncoding = 4; lastKnownFileType = sourcecode.c.objc; name = DDXMLNode.m; path = ../KissXML/DDXMLNode.m; sourceTree = SOURCE_ROOT; };
		DC6E973B10960C8000070ADE /* DDXMLPrivate.h */ = {isa = PBXFileReference; fileEncoding = 4; lastKnownFileType = sourcecode.c.h; name = DDXMLPrivate.h; path = ../KissXML/DDXMLPrivate.h; sourceTree = SOURCE_ROOT; };
		DC6E973C10960C8000070ADE /* NSStringAdditions.h */ = {isa = PBXFileReference; fileEncoding = 4; lastKnownFileType = sourcecode.c.h; name = NSStringAdditions.h; path = ../KissXML/NSStringAdditions.h; sourceTree = SOURCE_ROOT; };
		DC6E973D10960C8000070ADE /* NSStringAdditions.m */ = {isa = PBXFileReference; fileEncoding = 4; lastKnownFileType = sourcecode.c.objc; name = NSStringAdditions.m; path = ../KissXML/NSStringAdditions.m; sourceTree = SOURCE_ROOT; };
		DC6E976A109625C500070ADE /* LibIDN.h */ = {isa = PBXFileReference; fileEncoding = 4; lastKnownFileType = sourcecode.c.h; name = LibIDN.h; path = ../LibIDN.h; sourceTree = SOURCE_ROOT; };
		DC6E976B109625C500070ADE /* LibIDN.m */ = {isa = PBXFileReference; fileEncoding = 4; lastKnownFileType = sourcecode.c.objc; name = LibIDN.m; path = ../LibIDN.m; sourceTree = SOURCE_ROOT; };
		DC6E976C109625C500070ADE /* MulticastDelegate.h */ = {isa = PBXFileReference; fileEncoding = 4; lastKnownFileType = sourcecode.c.h; name = MulticastDelegate.h; path = ../MulticastDelegate.h; sourceTree = SOURCE_ROOT; };
		DC6E976D109625C500070ADE /* MulticastDelegate.m */ = {isa = PBXFileReference; fileEncoding = 4; lastKnownFileType = sourcecode.c.objc; name = MulticastDelegate.m; path = ../MulticastDelegate.m; sourceTree = SOURCE_ROOT; };
		DC6E9770109625D900070ADE /* idn-int.h */ = {isa = PBXFileReference; fileEncoding = 4; lastKnownFileType = sourcecode.c.h; name = "idn-int.h"; path = "../libidn/idn-int.h"; sourceTree = SOURCE_ROOT; };
		DC6E9771109625D900070ADE /* stringprep.h */ = {isa = PBXFileReference; fileEncoding = 4; lastKnownFileType = sourcecode.c.h; name = stringprep.h; path = ../libidn/stringprep.h; sourceTree = SOURCE_ROOT; };
		DC6E977D1096264B00070ADE /* NSDataAdditions.h */ = {isa = PBXFileReference; fileEncoding = 4; lastKnownFileType = sourcecode.c.h; name = NSDataAdditions.h; path = ../NSDataAdditions.h; sourceTree = SOURCE_ROOT; };
		DC6E977E1096264B00070ADE /* NSDataAdditions.m */ = {isa = PBXFileReference; fileEncoding = 4; lastKnownFileType = sourcecode.c.objc; name = NSDataAdditions.m; path = ../NSDataAdditions.m; sourceTree = SOURCE_ROOT; };
		DC6E977F1096264B00070ADE /* NSXMLElementAdditions.h */ = {isa = PBXFileReference; fileEncoding = 4; lastKnownFileType = sourcecode.c.h; name = NSXMLElementAdditions.h; path = ../NSXMLElementAdditions.h; sourceTree = SOURCE_ROOT; };
		DC6E97801096264B00070ADE /* NSXMLElementAdditions.m */ = {isa = PBXFileReference; fileEncoding = 4; lastKnownFileType = sourcecode.c.objc; name = NSXMLElementAdditions.m; path = ../NSXMLElementAdditions.m; sourceTree = SOURCE_ROOT; };
		DC6E97851096268200070ADE /* XMPP.h */ = {isa = PBXFileReference; fileEncoding = 4; lastKnownFileType = sourcecode.c.h; name = XMPP.h; path = ../XMPP.h; sourceTree = SOURCE_ROOT; };
		DC6E97861096268200070ADE /* XMPPClient.h */ = {isa = PBXFileReference; fileEncoding = 4; lastKnownFileType = sourcecode.c.h; name = XMPPClient.h; path = ../XMPPClient.h; sourceTree = SOURCE_ROOT; };
		DC6E97871096268200070ADE /* XMPPClient.m */ = {isa = PBXFileReference; fileEncoding = 4; lastKnownFileType = sourcecode.c.objc; name = XMPPClient.m; path = ../XMPPClient.m; sourceTree = SOURCE_ROOT; };
		DC6E97881096268200070ADE /* XMPPElement.h */ = {isa = PBXFileReference; fileEncoding = 4; lastKnownFileType = sourcecode.c.h; name = XMPPElement.h; path = ../XMPPElement.h; sourceTree = SOURCE_ROOT; };
		DC6E97891096268200070ADE /* XMPPElement.m */ = {isa = PBXFileReference; fileEncoding = 4; lastKnownFileType = sourcecode.c.objc; name = XMPPElement.m; path = ../XMPPElement.m; sourceTree = SOURCE_ROOT; };
		DC6E978A1096268200070ADE /* XMPPIQ.h */ = {isa = PBXFileReference; fileEncoding = 4; lastKnownFileType = sourcecode.c.h; name = XMPPIQ.h; path = ../XMPPIQ.h; sourceTree = SOURCE_ROOT; };
		DC6E978B1096268200070ADE /* XMPPIQ.m */ = {isa = PBXFileReference; fileEncoding = 4; lastKnownFileType = sourcecode.c.objc; name = XMPPIQ.m; path = ../XMPPIQ.m; sourceTree = SOURCE_ROOT; };
		DC6E978C1096268200070ADE /* XMPPJID.h */ = {isa = PBXFileReference; fileEncoding = 4; lastKnownFileType = sourcecode.c.h; name = XMPPJID.h; path = ../XMPPJID.h; sourceTree = SOURCE_ROOT; };
		DC6E978D1096268200070ADE /* XMPPJID.m */ = {isa = PBXFileReference; fileEncoding = 4; lastKnownFileType = sourcecode.c.objc; name = XMPPJID.m; path = ../XMPPJID.m; sourceTree = SOURCE_ROOT; };
		DC6E978E1096268200070ADE /* XMPPMessage.h */ = {isa = PBXFileReference; fileEncoding = 4; lastKnownFileType = sourcecode.c.h; name = XMPPMessage.h; path = ../XMPPMessage.h; sourceTree = SOURCE_ROOT; };
		DC6E978F1096268200070ADE /* XMPPMessage.m */ = {isa = PBXFileReference; fileEncoding = 4; lastKnownFileType = sourcecode.c.objc; name = XMPPMessage.m; path = ../XMPPMessage.m; sourceTree = SOURCE_ROOT; };
		DC6E97901096268200070ADE /* XMPPParser.h */ = {isa = PBXFileReference; fileEncoding = 4; lastKnownFileType = sourcecode.c.h; name = XMPPParser.h; path = ../XMPPParser.h; sourceTree = SOURCE_ROOT; };
		DC6E97911096268200070ADE /* XMPPParser.m */ = {isa = PBXFileReference; fileEncoding = 4; lastKnownFileType = sourcecode.c.objc; name = XMPPParser.m; path = ../XMPPParser.m; sourceTree = SOURCE_ROOT; };
		DC6E97921096268200070ADE /* XMPPPresence.h */ = {isa = PBXFileReference; fileEncoding = 4; lastKnownFileType = sourcecode.c.h; name = XMPPPresence.h; path = ../XMPPPresence.h; sourceTree = SOURCE_ROOT; };
		DC6E97931096268200070ADE /* XMPPPresence.m */ = {isa = PBXFileReference; fileEncoding = 4; lastKnownFileType = sourcecode.c.objc; name = XMPPPresence.m; path = ../XMPPPresence.m; sourceTree = SOURCE_ROOT; };
		DC6E97941096268200070ADE /* XMPPResource.h */ = {isa = PBXFileReference; fileEncoding = 4; lastKnownFileType = sourcecode.c.h; name = XMPPResource.h; path = ../XMPPResource.h; sourceTree = SOURCE_ROOT; };
		DC6E97951096268200070ADE /* XMPPResource.m */ = {isa = PBXFileReference; fileEncoding = 4; lastKnownFileType = sourcecode.c.objc; name = XMPPResource.m; path = ../XMPPResource.m; sourceTree = SOURCE_ROOT; };
		DC6E97961096268200070ADE /* XMPPStream.h */ = {isa = PBXFileReference; fileEncoding = 4; lastKnownFileType = sourcecode.c.h; name = XMPPStream.h; path = ../XMPPStream.h; sourceTree = SOURCE_ROOT; };
		DC6E97971096268200070ADE /* XMPPStream.m */ = {isa = PBXFileReference; fileEncoding = 4; lastKnownFileType = sourcecode.c.objc; name = XMPPStream.m; path = ../XMPPStream.m; sourceTree = SOURCE_ROOT; };
		DC6E97981096268200070ADE /* XMPPUser.h */ = {isa = PBXFileReference; fileEncoding = 4; lastKnownFileType = sourcecode.c.h; name = XMPPUser.h; path = ../XMPPUser.h; sourceTree = SOURCE_ROOT; };
		DC6E97991096268200070ADE /* XMPPUser.m */ = {isa = PBXFileReference; fileEncoding = 4; lastKnownFileType = sourcecode.c.objc; name = XMPPUser.m; path = ../XMPPUser.m; sourceTree = SOURCE_ROOT; };
/* End PBXFileReference section */

/* Begin PBXFrameworksBuildPhase section */
		1D60588F0D05DD3D006BFB54 /* Frameworks */ = {
			isa = PBXFrameworksBuildPhase;
			buildActionMask = 2147483647;
			files = (
				1D60589F0D05DD5A006BFB54 /* Foundation.framework in Frameworks */,
				1DF5F4E00D08C38300B7A737 /* UIKit.framework in Frameworks */,
				288765FD0DF74451002DB57D /* CoreGraphics.framework in Frameworks */,
				DC6E972E10960C5700070ADE /* CFNetwork.framework in Frameworks */,
				DC558A5010E019D50004696B /* libidn.a in Frameworks */,
				DC558A5E10E019FD0004696B /* SystemConfiguration.framework in Frameworks */,
			);
			runOnlyForDeploymentPostprocessing = 0;
		};
/* End PBXFrameworksBuildPhase section */

/* Begin PBXGroup section */
		080E96DDFE201D6D7F000001 /* Classes */ = {
			isa = PBXGroup;
			children = (
				1D3623240D0F684500981E51 /* iPhoneXMPPAppDelegate.h */,
				1D3623250D0F684500981E51 /* iPhoneXMPPAppDelegate.m */,
			);
			path = Classes;
			sourceTree = "<group>";
		};
		19C28FACFE9D520D11CA2CBB /* Products */ = {
			isa = PBXGroup;
			children = (
				1D6058910D05DD3D006BFB54 /* iPhoneXMPP.app */,
			);
			name = Products;
			sourceTree = "<group>";
		};
		29B97314FDCFA39411CA2CEA /* CustomTemplate */ = {
			isa = PBXGroup;
			children = (
				DC6E973310960C7100070ADE /* KissXML */,
				DC6E972510960C1600070ADE /* TCP */,
				DC6E97681096259D00070ADE /* XMPP */,
				080E96DDFE201D6D7F000001 /* Classes */,
				29B97315FDCFA39411CA2CEA /* Other Sources */,
				29B97317FDCFA39411CA2CEA /* Resources */,
				29B97323FDCFA39411CA2CEA /* Frameworks */,
				19C28FACFE9D520D11CA2CBB /* Products */,
			);
			name = CustomTemplate;
			sourceTree = "<group>";
		};
		29B97315FDCFA39411CA2CEA /* Other Sources */ = {
			isa = PBXGroup;
			children = (
				32CA4F630368D1EE00C91783 /* iPhoneXMPP_Prefix.pch */,
				29B97316FDCFA39411CA2CEA /* main.m */,
			);
			name = "Other Sources";
			sourceTree = "<group>";
		};
		29B97317FDCFA39411CA2CEA /* Resources */ = {
			isa = PBXGroup;
			children = (
				28AD733E0D9D9553002E5188 /* MainWindow.xib */,
				8D1107310486CEB800E47090 /* iPhoneXMPP-Info.plist */,
			);
			name = Resources;
			sourceTree = "<group>";
		};
		29B97323FDCFA39411CA2CEA /* Frameworks */ = {
			isa = PBXGroup;
			children = (
				1DF5F4DF0D08C38300B7A737 /* UIKit.framework */,
				1D30AB110D05D00D00671497 /* Foundation.framework */,
				288765FC0DF74451002DB57D /* CoreGraphics.framework */,
				DC6E972D10960C5700070ADE /* CFNetwork.framework */,
				DC558A5D10E019FD0004696B /* SystemConfiguration.framework */,
				DC558A4F10E019D50004696B /* libidn.a */,
			);
			name = Frameworks;
			sourceTree = "<group>";
		};
		DC6E972510960C1600070ADE /* TCP */ = {
			isa = PBXGroup;
			children = (
				DC6E972610960C2500070ADE /* AsyncSocket.h */,
				DC6E972710960C2500070ADE /* AsyncSocket.m */,
			);
			name = TCP;
			sourceTree = "<group>";
		};
		DC6E973310960C7100070ADE /* KissXML */ = {
			isa = PBXGroup;
			children = (
				DC6E974310960C9100070ADE /* Categories */,
				DC6E974210960C8800070ADE /* Private */,
				DC6E973410960C8000070ADE /* DDXML.h */,
				DC6E973510960C8000070ADE /* DDXMLDocument.h */,
				DC6E973610960C8000070ADE /* DDXMLDocument.m */,
				DC6E973710960C8000070ADE /* DDXMLElement.h */,
				DC6E973810960C8000070ADE /* DDXMLElement.m */,
				DC6E973910960C8000070ADE /* DDXMLNode.h */,
				DC6E973A10960C8000070ADE /* DDXMLNode.m */,
			);
			name = KissXML;
			sourceTree = "<group>";
		};
		DC6E974210960C8800070ADE /* Private */ = {
			isa = PBXGroup;
			children = (
				DC6E973B10960C8000070ADE /* DDXMLPrivate.h */,
			);
			name = Private;
			sourceTree = "<group>";
		};
		DC6E974310960C9100070ADE /* Categories */ = {
			isa = PBXGroup;
			children = (
				DC6E973C10960C8000070ADE /* NSStringAdditions.h */,
				DC6E973D10960C8000070ADE /* NSStringAdditions.m */,
			);
			name = Categories;
			sourceTree = "<group>";
		};
		DC6E97681096259D00070ADE /* XMPP */ = {
			isa = PBXGroup;
			children = (
				DC6E977C1096263400070ADE /* Categories */,
				DC6E9769109625A900070ADE /* Utilities */,
				DC6E97851096268200070ADE /* XMPP.h */,
				DC6E97901096268200070ADE /* XMPPParser.h */,
				DC6E97911096268200070ADE /* XMPPParser.m */,
				DC6E97961096268200070ADE /* XMPPStream.h */,
				DC6E97971096268200070ADE /* XMPPStream.m */,
				DC6E97861096268200070ADE /* XMPPClient.h */,
				DC6E97871096268200070ADE /* XMPPClient.m */,
				DC6E978C1096268200070ADE /* XMPPJID.h */,
				DC6E978D1096268200070ADE /* XMPPJID.m */,
				DC6E97981096268200070ADE /* XMPPUser.h */,
				DC6E97991096268200070ADE /* XMPPUser.m */,
				DC6E97941096268200070ADE /* XMPPResource.h */,
				DC6E97951096268200070ADE /* XMPPResource.m */,
				DC6E97881096268200070ADE /* XMPPElement.h */,
				DC6E97891096268200070ADE /* XMPPElement.m */,
				DC6E978A1096268200070ADE /* XMPPIQ.h */,
				DC6E978B1096268200070ADE /* XMPPIQ.m */,
				DC6E978E1096268200070ADE /* XMPPMessage.h */,
				DC6E978F1096268200070ADE /* XMPPMessage.m */,
				DC6E97921096268200070ADE /* XMPPPresence.h */,
				DC6E97931096268200070ADE /* XMPPPresence.m */,
			);
			name = XMPP;
			sourceTree = "<group>";
		};
		DC6E9769109625A900070ADE /* Utilities */ = {
			isa = PBXGroup;
			children = (
				DC6E976C109625C500070ADE /* MulticastDelegate.h */,
				DC6E976D109625C500070ADE /* MulticastDelegate.m */,
				DC6E976A109625C500070ADE /* LibIDN.h */,
				DC6E976B109625C500070ADE /* LibIDN.m */,
				DC6E9770109625D900070ADE /* idn-int.h */,
				DC6E9771109625D900070ADE /* stringprep.h */,
			);
			name = Utilities;
			sourceTree = "<group>";
		};
		DC6E977C1096263400070ADE /* Categories */ = {
			isa = PBXGroup;
			children = (
				DC6E977F1096264B00070ADE /* NSXMLElementAdditions.h */,
				DC6E97801096264B00070ADE /* NSXMLElementAdditions.m */,
				DC6E977D1096264B00070ADE /* NSDataAdditions.h */,
				DC6E977E1096264B00070ADE /* NSDataAdditions.m */,
			);
			name = Categories;
			sourceTree = "<group>";
		};
/* End PBXGroup section */

/* Begin PBXNativeTarget section */
		1D6058900D05DD3D006BFB54 /* iPhoneXMPP */ = {
			isa = PBXNativeTarget;
			buildConfigurationList = 1D6058960D05DD3E006BFB54 /* Build configuration list for PBXNativeTarget "iPhoneXMPP" */;
			buildPhases = (
				1D60588D0D05DD3D006BFB54 /* Resources */,
				1D60588E0D05DD3D006BFB54 /* Sources */,
				1D60588F0D05DD3D006BFB54 /* Frameworks */,
			);
			buildRules = (
			);
			dependencies = (
			);
			name = iPhoneXMPP;
			productName = iPhoneXMPP;
			productReference = 1D6058910D05DD3D006BFB54 /* iPhoneXMPP.app */;
			productType = "com.apple.product-type.application";
		};
/* End PBXNativeTarget section */

/* Begin PBXProject section */
		29B97313FDCFA39411CA2CEA /* Project object */ = {
			isa = PBXProject;
			buildConfigurationList = C01FCF4E08A954540054247B /* Build configuration list for PBXProject "iPhoneXMPP" */;
			compatibilityVersion = "Xcode 3.1";
			hasScannedForEncodings = 1;
			mainGroup = 29B97314FDCFA39411CA2CEA /* CustomTemplate */;
			projectDirPath = "";
			projectRoot = "";
			targets = (
				1D6058900D05DD3D006BFB54 /* iPhoneXMPP */,
			);
		};
/* End PBXProject section */

/* Begin PBXResourcesBuildPhase section */
		1D60588D0D05DD3D006BFB54 /* Resources */ = {
			isa = PBXResourcesBuildPhase;
			buildActionMask = 2147483647;
			files = (
				28AD733F0D9D9553002E5188 /* MainWindow.xib in Resources */,
			);
			runOnlyForDeploymentPostprocessing = 0;
		};
/* End PBXResourcesBuildPhase section */

/* Begin PBXSourcesBuildPhase section */
		1D60588E0D05DD3D006BFB54 /* Sources */ = {
			isa = PBXSourcesBuildPhase;
			buildActionMask = 2147483647;
			files = (
				1D60589B0D05DD56006BFB54 /* main.m in Sources */,
				1D3623260D0F684500981E51 /* iPhoneXMPPAppDelegate.m in Sources */,
				DC6E972810960C2500070ADE /* AsyncSocket.m in Sources */,
				DC6E973E10960C8000070ADE /* DDXMLDocument.m in Sources */,
				DC6E973F10960C8000070ADE /* DDXMLElement.m in Sources */,
				DC6E974010960C8000070ADE /* DDXMLNode.m in Sources */,
				DC6E974110960C8000070ADE /* NSStringAdditions.m in Sources */,
				DC6E976E109625C500070ADE /* LibIDN.m in Sources */,
				DC6E976F109625C500070ADE /* MulticastDelegate.m in Sources */,
				DC6E97811096264B00070ADE /* NSDataAdditions.m in Sources */,
				DC6E97821096264B00070ADE /* NSXMLElementAdditions.m in Sources */,
				DC6E979A1096268200070ADE /* XMPPClient.m in Sources */,
				DC6E979B1096268200070ADE /* XMPPElement.m in Sources */,
				DC6E979C1096268200070ADE /* XMPPIQ.m in Sources */,
				DC6E979D1096268200070ADE /* XMPPJID.m in Sources */,
				DC6E979E1096268200070ADE /* XMPPMessage.m in Sources */,
				DC6E979F1096268200070ADE /* XMPPParser.m in Sources */,
				DC6E97A01096268200070ADE /* XMPPPresence.m in Sources */,
				DC6E97A11096268200070ADE /* XMPPResource.m in Sources */,
				DC6E97A21096268200070ADE /* XMPPStream.m in Sources */,
				DC6E97A31096268200070ADE /* XMPPUser.m in Sources */,
			);
			runOnlyForDeploymentPostprocessing = 0;
		};
/* End PBXSourcesBuildPhase section */

/* Begin XCBuildConfiguration section */
		1D6058940D05DD3E006BFB54 /* Debug */ = {
			isa = XCBuildConfiguration;
			buildSettings = {
				ALWAYS_SEARCH_USER_PATHS = NO;
				COPY_PHASE_STRIP = NO;
				GCC_DYNAMIC_NO_PIC = NO;
				GCC_OPTIMIZATION_LEVEL = 0;
				GCC_PRECOMPILE_PREFIX_HEADER = YES;
				GCC_PREFIX_HEADER = iPhoneXMPP_Prefix.pch;
				INFOPLIST_FILE = "iPhoneXMPP-Info.plist";
				LIBRARY_SEARCH_PATHS = (
					"$(inherited)",
					"\"$(SRCROOT)/../libidn\"",
				);
				PRODUCT_NAME = iPhoneXMPP;
			};
			name = Debug;
		};
		1D6058950D05DD3E006BFB54 /* Release */ = {
			isa = XCBuildConfiguration;
			buildSettings = {
				ALWAYS_SEARCH_USER_PATHS = NO;
				COPY_PHASE_STRIP = YES;
				GCC_PRECOMPILE_PREFIX_HEADER = YES;
				GCC_PREFIX_HEADER = iPhoneXMPP_Prefix.pch;
				INFOPLIST_FILE = "iPhoneXMPP-Info.plist";
				LIBRARY_SEARCH_PATHS = (
					"$(inherited)",
					"\"$(SRCROOT)/../libidn\"",
				);
				PRODUCT_NAME = iPhoneXMPP;
			};
			name = Release;
		};
		C01FCF4F08A954540054247B /* Debug */ = {
			isa = XCBuildConfiguration;
			buildSettings = {
				ARCHS = "$(ARCHS_STANDARD_32_BIT)";
				"CODE_SIGN_IDENTITY[sdk=iphoneos*]" = "iPhone Developer";
				GCC_C_LANGUAGE_STANDARD = c99;
				GCC_WARN_ABOUT_RETURN_TYPE = YES;
				GCC_WARN_UNUSED_VARIABLE = YES;
				HEADER_SEARCH_PATHS = /usr/include/libxml2;
				OTHER_LDFLAGS = "-lxml2";
				PREBINDING = NO;
				SDKROOT = iphoneos3.1.2;
			};
			name = Debug;
		};
		C01FCF5008A954540054247B /* Release */ = {
			isa = XCBuildConfiguration;
			buildSettings = {
				ARCHS = "$(ARCHS_STANDARD_32_BIT)";
				"CODE_SIGN_IDENTITY[sdk=iphoneos*]" = "iPhone Developer";
				GCC_C_LANGUAGE_STANDARD = c99;
				GCC_WARN_ABOUT_RETURN_TYPE = YES;
				GCC_WARN_UNUSED_VARIABLE = YES;
				HEADER_SEARCH_PATHS = /usr/include/libxml2;
				OTHER_LDFLAGS = "-lxml2";
				PREBINDING = NO;
				SDKROOT = iphoneos3.1.2;
			};
			name = Release;
		};
/* End XCBuildConfiguration section */

/* Begin XCConfigurationList section */
		1D6058960D05DD3E006BFB54 /* Build configuration list for PBXNativeTarget "iPhoneXMPP" */ = {
			isa = XCConfigurationList;
			buildConfigurations = (
				1D6058940D05DD3E006BFB54 /* Debug */,
				1D6058950D05DD3E006BFB54 /* Release */,
			);
			defaultConfigurationIsVisible = 0;
			defaultConfigurationName = Release;
		};
		C01FCF4E08A954540054247B /* Build configuration list for PBXProject "iPhoneXMPP" */ = {
			isa = XCConfigurationList;
			buildConfigurations = (
				C01FCF4F08A954540054247B /* Debug */,
				C01FCF5008A954540054247B /* Release */,
			);
			defaultConfigurationIsVisible = 0;
			defaultConfigurationName = Release;
		};
/* End XCConfigurationList section */
	};
	rootObject = 29B97313FDCFA39411CA2CEA /* Project object */;
}
